
Microsoft Visual Studio Solution File, Format Version 12.00
# Visual Studio Version 17
VisualStudioVersion = 17.14.36221.1 d17.14
MinimumVisualStudioVersion = 10.0.40219.1
Project("{FAE04EC0-301F-11D3-BF4B-00C04F79EFBC}") = "PAYLO_API", "PAYLO_API.csproj", "{8E4FFB83-041A-4800-B79D-B1E3003411B8}"
EndProject
Project("{FAE04EC0-301F-11D3-BF4B-00C04F79EFBC}") = "SSReusableLib", "..\SSReusableLib\SSReusableLib.csproj", "{44913FF1-1759-4BC9-ADE5-3151DEA867A1}"
EndProject
Project("{FAE04EC0-301F-11D3-BF4B-00C04F79EFBC}") = "PAYLO_Classes", "..\PAYLO_Classes\PAYLO_Classes.csproj", "{027D52ED-09F2-4679-AB22-059F20E98DD1}"
EndProject
Project("{FAE04EC0-301F-11D3-BF4B-00C04F79EFBC}") = "PAYLO_Dal", "..\PAYLO_Dal\PAYLO_Dal.csproj", "{B9670667-426B-4D2E-8227-F312714D6B66}"
EndProject
Global
	GlobalSection(SolutionConfigurationPlatforms) = preSolution
		Debug|Any CPU = Debug|Any CPU
		Release|Any CPU = Release|Any CPU
	EndGlobalSection
	GlobalSection(ProjectConfigurationPlatforms) = postSolution
		{8E4FFB83-041A-4800-B79D-B1E3003411B8}.Debug|Any CPU.ActiveCfg = Debug|Any CPU
		{8E4FFB83-041A-4800-B79D-B1E3003411B8}.Debug|Any CPU.Build.0 = Debug|Any CPU
		{8E4FFB83-041A-4800-B79D-B1E3003411B8}.Release|Any CPU.ActiveCfg = Release|Any CPU
		{8E4FFB83-041A-4800-B79D-B1E3003411B8}.Release|Any CPU.Build.0 = Release|Any CPU
		{44913FF1-1759-4BC9-ADE5-3151DEA867A1}.Debug|Any CPU.ActiveCfg = Debug|Any CPU
		{44913FF1-1759-4BC9-ADE5-3151DEA867A1}.Debug|Any CPU.Build.0 = Debug|Any CPU
		{44913FF1-1759-4BC9-ADE5-3151DEA867A1}.Release|Any CPU.ActiveCfg = Release|Any CPU
		{44913FF1-1759-4BC9-ADE5-3151DEA867A1}.Release|Any CPU.Build.0 = Release|Any CPU
		{027D52ED-09F2-4679-AB22-059F20E98DD1}.Debug|Any CPU.ActiveCfg = Debug|Any CPU
		{027D52ED-09F2-4679-AB22-059F20E98DD1}.Debug|Any CPU.Build.0 = Debug|Any CPU
		{027D52ED-09F2-4679-AB22-059F20E98DD1}.Release|Any CPU.ActiveCfg = Release|Any CPU
		{027D52ED-09F2-4679-AB22-059F20E98DD1}.Release|Any CPU.Build.0 = Release|Any CPU
		{B9670667-426B-4D2E-8227-F312714D6B66}.Debug|Any CPU.ActiveCfg = Debug|Any CPU
		{B9670667-426B-4D2E-8227-F312714D6B66}.Debug|Any CPU.Build.0 = Debug|Any CPU
		{B9670667-426B-4D2E-8227-F312714D6B66}.Release|Any CPU.ActiveCfg = Release|Any CPU
		{B9670667-426B-4D2E-8227-F312714D6B66}.Release|Any CPU.Build.0 = Release|Any CPU
	EndGlobalSection
	GlobalSection(SolutionProperties) = preSolution
		HideSolutionNode = FALSE
	EndGlobalSection
	GlobalSection(ExtensibilityGlobals) = postSolution
		SolutionGuid = {364A8156-4C45-46D5-A62C-489B19EB8F40}
	EndGlobalSection
EndGlobal
